
Microsoft Visual Studio Solution File, Format Version 12.00
# Visual Studio Version 17
VisualStudioVersion = 17.8.34330.188
MinimumVisualStudioVersion = 10.0.40219.1
Project("{FAE04EC0-301F-11D3-BF4B-00C04F79EFBC}") = "Bank", "Bank\Bank.csproj", "{9398758A-F674-47FB-912F-74EEE3D5F5FF}"
EndProject
Global
	GlobalSection(SolutionConfigurationPlatforms) = preSolution
		Debug|Any CPU = Debug|Any CPU
		Release|Any CPU = Release|Any CPU
	EndGlobalSection
	GlobalSection(ProjectConfigurationPlatforms) = postSolution
		{9398758A-F674-47FB-912F-74EEE3D5F5FF}.Debug|Any CPU.ActiveCfg = Debug|Any CPU
		{9398758A-F674-47FB-912F-74EEE3D5F5FF}.Debug|Any CPU.Build.0 = Debug|Any CPU
		{9398758A-F674-47FB-912F-74EEE3D5F5FF}.Release|Any CPU.ActiveCfg = Release|Any CPU
		{9398758A-F674-47FB-912F-74EEE3D5F5FF}.Release|Any CPU.Build.0 = Release|Any CPU
	EndGlobalSection
	GlobalSection(SolutionProperties) = preSolution
		HideSolutionNode = FALSE
	EndGlobalSection
	GlobalSection(ExtensibilityGlobals) = postSolution
		SolutionGuid = {C9714B0D-EFC8-4922-ABAC-081E53C83002}
	EndGlobalSection
EndGlobal
